{
  "originHash" : "ebfbbf38cff64d5e0e8f483e40614ef98180b0cc04b3d3d56de2857d16dd10c3",
  "pins" : [
    {
      "identity" : "progresshud",
      "kind" : "remoteSourceControl",
      "location" : "https://github.com/relatedcode/ProgressHUD",
      "state" : {
        "revision" : "46792db49f80454879a939f9b2be31bb61c37b0c",
        "version" : "13.8.6"
      }
    }
  ],
  "version" : 3
}
