// !$*UTF8*$!
{
	archiveVersion = 1;
	classes = {
	};
	objectVersion = 56;
	objects = {

/* Begin PBXBuildFile section */
		2F60F8EB2BE6F5E000DDD37B /* AppDelegate.swift in Sources */ = {isa = PBXBuildFile; fileRef = 2F60F8EA2BE6F5E000DDD37B /* AppDelegate.swift */; };
		2F60F8ED2BE6F5E000DDD37B /* SceneDelegate.swift in Sources */ = {isa = PBXBuildFile; fileRef = 2F60F8EC2BE6F5E000DDD37B /* SceneDelegate.swift */; };
		2F60F8EF2BE6F5E000DDD37B /* ImagesListViewController.swift in Sources */ = {isa = PBXBuildFile; fileRef = 2F60F8EE2BE6F5E000DDD37B /* ImagesListViewController.swift */; };
		2F60F8F22BE6F5E000DDD37B /* Base in Resources */ = {isa = PBXBuildFile; fileRef = 2F60F8F12BE6F5E000DDD37B /* Base */; };
		2F60F8F52BE6F5E000DDD37B /* ImageFeed.xcdatamodeld in Sources */ = {isa = PBXBuildFile; fileRef = 2F60F8F32BE6F5E000DDD37B /* ImageFeed.xcdatamodeld */; };
		2F60F8F72BE6F5E200DDD37B /* Assets.xcassets in Resources */ = {isa = PBXBuildFile; fileRef = 2F60F8F62BE6F5E200DDD37B /* Assets.xcassets */; };
		2F60F8FA2BE6F5E200DDD37B /* Base in Resources */ = {isa = PBXBuildFile; fileRef = 2F60F8F92BE6F5E200DDD37B /* Base */; };
		2F60F9052BE6F5E200DDD37B /* ImageFeedTests.swift in Sources */ = {isa = PBXBuildFile; fileRef = 2F60F9042BE6F5E200DDD37B /* ImageFeedTests.swift */; };
		2F60F90F2BE6F5E200DDD37B /* ImageFeedUITests.swift in Sources */ = {isa = PBXBuildFile; fileRef = 2F60F90E2BE6F5E200DDD37B /* ImageFeedUITests.swift */; };
		2F60F9112BE6F5E200DDD37B /* ImageFeedUITestsLaunchTests.swift in Sources */ = {isa = PBXBuildFile; fileRef = 2F60F9102BE6F5E200DDD37B /* ImageFeedUITestsLaunchTests.swift */; };
/* End PBXBuildFile section */

/* Begin PBXContainerItemProxy section */
		2F60F9012BE6F5E200DDD37B /* PBXContainerItemProxy */ = {
			isa = PBXContainerItemProxy;
			containerPortal = 2F60F8DF2BE6F5E000DDD37B /* Project object */;
			proxyType = 1;
			remoteGlobalIDString = 2F60F8E62BE6F5E000DDD37B;
			remoteInfo = ImageFeed;
		};
		2F60F90B2BE6F5E200DDD37B /* PBXContainerItemProxy */ = {
			isa = PBXContainerItemProxy;
			containerPortal = 2F60F8DF2BE6F5E000DDD37B /* Project object */;
			proxyType = 1;
			remoteGlobalIDString = 2F60F8E62BE6F5E000DDD37B;
			remoteInfo = ImageFeed;
		};
/* End PBXContainerItemProxy section */

/* Begin PBXFileReference section */
		2F60F8E72BE6F5E000DDD37B /* ImageFeed.app */ = {isa = PBXFileReference; explicitFileType = wrapper.application; includeInIndex = 0; path = ImageFeed.app; sourceTree = BUILT_PRODUCTS_DIR; };
		2F60F8EA2BE6F5E000DDD37B /* AppDelegate.swift */ = {isa = PBXFileReference; lastKnownFileType = sourcecode.swift; path = AppDelegate.swift; sourceTree = "<group>"; };
		2F60F8EC2BE6F5E000DDD37B /* SceneDelegate.swift */ = {isa = PBXFileReference; lastKnownFileType = sourcecode.swift; path = SceneDelegate.swift; sourceTree = "<group>"; };
		2F60F8EE2BE6F5E000DDD37B /* ImagesListViewController.swift */ = {isa = PBXFileReference; lastKnownFileType = sourcecode.swift; path = ImagesListViewController.swift; sourceTree = "<group>"; };
		2F60F8F12BE6F5E000DDD37B /* Base */ = {isa = PBXFileReference; lastKnownFileType = file.storyboard; name = Base; path = Base.lproj/Main.storyboard; sourceTree = "<group>"; };
		2F60F8F42BE6F5E000DDD37B /* ImageFeed.xcdatamodel */ = {isa = PBXFileReference; lastKnownFileType = wrapper.xcdatamodel; path = ImageFeed.xcdatamodel; sourceTree = "<group>"; };
		2F60F8F62BE6F5E200DDD37B /* Assets.xcassets */ = {isa = PBXFileReference; lastKnownFileType = folder.assetcatalog; path = Assets.xcassets; sourceTree = "<group>"; };
		2F60F8F92BE6F5E200DDD37B /* Base */ = {isa = PBXFileReference; lastKnownFileType = file.storyboard; name = Base; path = Base.lproj/LaunchScreen.storyboard; sourceTree = "<group>"; };
		2F60F8FB2BE6F5E200DDD37B /* Info.plist */ = {isa = PBXFileReference; lastKnownFileType = text.plist.xml; path = Info.plist; sourceTree = "<group>"; };
		2F60F9002BE6F5E200DDD37B /* ImageFeedTests.xctest */ = {isa = PBXFileReference; explicitFileType = wrapper.cfbundle; includeInIndex = 0; path = ImageFeedTests.xctest; sourceTree = BUILT_PRODUCTS_DIR; };
		2F60F9042BE6F5E200DDD37B /* ImageFeedTests.swift */ = {isa = PBXFileReference; lastKnownFileType = sourcecode.swift; path = ImageFeedTests.swift; sourceTree = "<group>"; };
		2F60F90A2BE6F5E200DDD37B /* ImageFeedUITests.xctest */ = {isa = PBXFileReference; explicitFileType = wrapper.cfbundle; includeInIndex = 0; path = ImageFeedUITests.xctest; sourceTree = BUILT_PRODUCTS_DIR; };
		2F60F90E2BE6F5E200DDD37B /* ImageFeedUITests.swift */ = {isa = PBXFileReference; lastKnownFileType = sourcecode.swift; path = ImageFeedUITests.swift; sourceTree = "<group>"; };
		2F60F9102BE6F5E200DDD37B /* ImageFeedUITestsLaunchTests.swift */ = {isa = PBXFileReference; lastKnownFileType = sourcecode.swift; path = ImageFeedUITestsLaunchTests.swift; sourceTree = "<group>"; };
/* End PBXFileReference section */

/* Begin PBXFrameworksBuildPhase section */
		2F60F8E42BE6F5E000DDD37B /* Frameworks */ = {
			isa = PBXFrameworksBuildPhase;
			buildActionMask = 2147483647;
			files = (
			);
			runOnlyForDeploymentPostprocessing = 0;
		};
		2F60F8FD2BE6F5E200DDD37B /* Frameworks */ = {
			isa = PBXFrameworksBuildPhase;
			buildActionMask = 2147483647;
			files = (
			);
			runOnlyForDeploymentPostprocessing = 0;
		};
		2F60F9072BE6F5E200DDD37B /* Frameworks */ = {
			isa = PBXFrameworksBuildPhase;
			buildActionMask = 2147483647;
			files = (
			);
			runOnlyForDeploymentPostprocessing = 0;
		};
/* End PBXFrameworksBuildPhase section */

/* Begin PBXGroup section */
		2F60F8DE2BE6F5E000DDD37B = {
			isa = PBXGroup;
			children = (
				2F60F8E92BE6F5E000DDD37B /* ImageFeed */,
				2F60F9032BE6F5E200DDD37B /* ImageFeedTests */,
				2F60F90D2BE6F5E200DDD37B /* ImageFeedUITests */,
				2F60F8E82BE6F5E000DDD37B /* Products */,
			);
			sourceTree = "<group>";
		};
		2F60F8E82BE6F5E000DDD37B /* Products */ = {
			isa = PBXGroup;
			children = (
				2F60F8E72BE6F5E000DDD37B /* ImageFeed.app */,
				2F60F9002BE6F5E200DDD37B /* ImageFeedTests.xctest */,
				2F60F90A2BE6F5E200DDD37B /* ImageFeedUITests.xctest */,
			);
			name = Products;
			sourceTree = "<group>";
		};
		2F60F8E92BE6F5E000DDD37B /* ImageFeed */ = {
			isa = PBXGroup;
			children = (
				2F60F96A2BEBAD5500DDD37B /* Resources  */,
				2F60F8EA2BE6F5E000DDD37B /* AppDelegate.swift */,
				2F60F8EC2BE6F5E000DDD37B /* SceneDelegate.swift */,
				2F60F8EE2BE6F5E000DDD37B /* ImagesListViewController.swift */,
				2F60F8F02BE6F5E000DDD37B /* Main.storyboard */,
				2F60F8F82BE6F5E200DDD37B /* LaunchScreen.storyboard */,
				2F60F8F32BE6F5E000DDD37B /* ImageFeed.xcdatamodeld */,
			);
			path = ImageFeed;
			sourceTree = "<group>";
		};
		2F60F9032BE6F5E200DDD37B /* ImageFeedTests */ = {
			isa = PBXGroup;
			children = (
				2F60F9042BE6F5E200DDD37B /* ImageFeedTests.swift */,
			);
			path = ImageFeedTests;
			sourceTree = "<group>";
		};
		2F60F90D2BE6F5E200DDD37B /* ImageFeedUITests */ = {
			isa = PBXGroup;
			children = (
				2F60F90E2BE6F5E200DDD37B /* ImageFeedUITests.swift */,
				2F60F9102BE6F5E200DDD37B /* ImageFeedUITestsLaunchTests.swift */,
			);
			path = ImageFeedUITests;
			sourceTree = "<group>";
		};
		2F60F96A2BEBAD5500DDD37B /* Resources  */ = {
			isa = PBXGroup;
			children = (
				2F60F8FB2BE6F5E200DDD37B /* Info.plist */,
				2F60F8F62BE6F5E200DDD37B /* Assets.xcassets */,
			);
			path = "Resources ";
			sourceTree = "<group>";
		};
/* End PBXGroup section */

/* Begin PBXNativeTarget section */
		2F60F8E62BE6F5E000DDD37B /* ImageFeed */ = {
			isa = PBXNativeTarget;
			buildConfigurationList = 2F60F9142BE6F5E200DDD37B /* Build configuration list for PBXNativeTarget "ImageFeed" */;
			buildPhases = (
				2F60F8E32BE6F5E000DDD37B /* Sources */,
				2F60F8E42BE6F5E000DDD37B /* Frameworks */,
				2F60F8E52BE6F5E000DDD37B /* Resources */,
			);
			buildRules = (
			);
			dependencies = (
			);
			name = ImageFeed;
			productName = ImageFeed;
			productReference = 2F60F8E72BE6F5E000DDD37B /* ImageFeed.app */;
			productType = "com.apple.product-type.application";
		};
		2F60F8FF2BE6F5E200DDD37B /* ImageFeedTests */ = {
			isa = PBXNativeTarget;
			buildConfigurationList = 2F60F9172BE6F5E200DDD37B /* Build configuration list for PBXNativeTarget "ImageFeedTests" */;
			buildPhases = (
				2F60F8FC2BE6F5E200DDD37B /* Sources */,
				2F60F8FD2BE6F5E200DDD37B /* Frameworks */,
				2F60F8FE2BE6F5E200DDD37B /* Resources */,
			);
			buildRules = (
			);
			dependencies = (
				2F60F9022BE6F5E200DDD37B /* PBXTargetDependency */,
			);
			name = ImageFeedTests;
			productName = ImageFeedTests;
			productReference = 2F60F9002BE6F5E200DDD37B /* ImageFeedTests.xctest */;
			productType = "com.apple.product-type.bundle.unit-test";
		};
		2F60F9092BE6F5E200DDD37B /* ImageFeedUITests */ = {
			isa = PBXNativeTarget;
			buildConfigurationList = 2F60F91A2BE6F5E200DDD37B /* Build configuration list for PBXNativeTarget "ImageFeedUITests" */;
			buildPhases = (
				2F60F9062BE6F5E200DDD37B /* Sources */,
				2F60F9072BE6F5E200DDD37B /* Frameworks */,
				2F60F9082BE6F5E200DDD37B /* Resources */,
			);
			buildRules = (
			);
			dependencies = (
				2F60F90C2BE6F5E200DDD37B /* PBXTargetDependency */,
			);
			name = ImageFeedUITests;
			productName = ImageFeedUITests;
			productReference = 2F60F90A2BE6F5E200DDD37B /* ImageFeedUITests.xctest */;
			productType = "com.apple.product-type.bundle.ui-testing";
		};
/* End PBXNativeTarget section */

/* Begin PBXProject section */
		2F60F8DF2BE6F5E000DDD37B /* Project object */ = {
			isa = PBXProject;
			attributes = {
				BuildIndependentTargetsInParallel = 1;
				LastSwiftUpdateCheck = 1530;
				LastUpgradeCheck = 1530;
				TargetAttributes = {
					2F60F8E62BE6F5E000DDD37B = {
						CreatedOnToolsVersion = 15.3;
					};
					2F60F8FF2BE6F5E200DDD37B = {
						CreatedOnToolsVersion = 15.3;
						TestTargetID = 2F60F8E62BE6F5E000DDD37B;
					};
					2F60F9092BE6F5E200DDD37B = {
						CreatedOnToolsVersion = 15.3;
						TestTargetID = 2F60F8E62BE6F5E000DDD37B;
					};
				};
			};
			buildConfigurationList = 2F60F8E22BE6F5E000DDD37B /* Build configuration list for PBXProject "ImageFeed" */;
			compatibilityVersion = "Xcode 14.0";
			developmentRegion = en;
			hasScannedForEncodings = 0;
			knownRegions = (
				en,
				Base,
			);
			mainGroup = 2F60F8DE2BE6F5E000DDD37B;
			productRefGroup = 2F60F8E82BE6F5E000DDD37B /* Products */;
			projectDirPath = "";
			projectRoot = "";
			targets = (
				2F60F8E62BE6F5E000DDD37B /* ImageFeed */,
				2F60F8FF2BE6F5E200DDD37B /* ImageFeedTests */,
				2F60F9092BE6F5E200DDD37B /* ImageFeedUITests */,
			);
		};
/* End PBXProject section */

/* Begin PBXResourcesBuildPhase section */
		2F60F8E52BE6F5E000DDD37B /* Resources */ = {
			isa = PBXResourcesBuildPhase;
			buildActionMask = 2147483647;
			files = (
				2F60F8F72BE6F5E200DDD37B /* Assets.xcassets in Resources */,
				2F60F8FA2BE6F5E200DDD37B /* Base in Resources */,
				2F60F8F22BE6F5E000DDD37B /* Base in Resources */,
			);
			runOnlyForDeploymentPostprocessing = 0;
		};
		2F60F8FE2BE6F5E200DDD37B /* Resources */ = {
			isa = PBXResourcesBuildPhase;
			buildActionMask = 2147483647;
			files = (
			);
			runOnlyForDeploymentPostprocessing = 0;
		};
		2F60F9082BE6F5E200DDD37B /* Resources */ = {
			isa = PBXResourcesBuildPhase;
			buildActionMask = 2147483647;
			files = (
			);
			runOnlyForDeploymentPostprocessing = 0;
		};
/* End PBXResourcesBuildPhase section */

/* Begin PBXSourcesBuildPhase section */
		2F60F8E32BE6F5E000DDD37B /* Sources */ = {
			isa = PBXSourcesBuildPhase;
			buildActionMask = 2147483647;
			files = (
				2F60F8EF2BE6F5E000DDD37B /* ImagesListViewController.swift in Sources */,
				2F60F8F52BE6F5E000DDD37B /* ImageFeed.xcdatamodeld in Sources */,
				2F60F8EB2BE6F5E000DDD37B /* AppDelegate.swift in Sources */,
				2F60F8ED2BE6F5E000DDD37B /* SceneDelegate.swift in Sources */,
			);
			runOnlyForDeploymentPostprocessing = 0;
		};
		2F60F8FC2BE6F5E200DDD37B /* Sources */ = {
			isa = PBXSourcesBuildPhase;
			buildActionMask = 2147483647;
			files = (
				2F60F9052BE6F5E200DDD37B /* ImageFeedTests.swift in Sources */,
			);
			runOnlyForDeploymentPostprocessing = 0;
		};
		2F60F9062BE6F5E200DDD37B /* Sources */ = {
			isa = PBXSourcesBuildPhase;
			buildActionMask = 2147483647;
			files = (
				2F60F9112BE6F5E200DDD37B /* ImageFeedUITestsLaunchTests.swift in Sources */,
				2F60F90F2BE6F5E200DDD37B /* ImageFeedUITests.swift in Sources */,
			);
			runOnlyForDeploymentPostprocessing = 0;
		};
/* End PBXSourcesBuildPhase section */

/* Begin PBXTargetDependency section */
		2F60F9022BE6F5E200DDD37B /* PBXTargetDependency */ = {
			isa = PBXTargetDependency;
			target = 2F60F8E62BE6F5E000DDD37B /* ImageFeed */;
			targetProxy = 2F60F9012BE6F5E200DDD37B /* PBXContainerItemProxy */;
		};
		2F60F90C2BE6F5E200DDD37B /* PBXTargetDependency */ = {
			isa = PBXTargetDependency;
			target = 2F60F8E62BE6F5E000DDD37B /* ImageFeed */;
			targetProxy = 2F60F90B2BE6F5E200DDD37B /* PBXContainerItemProxy */;
		};
/* End PBXTargetDependency section */

/* Begin PBXVariantGroup section */
		2F60F8F02BE6F5E000DDD37B /* Main.storyboard */ = {
			isa = PBXVariantGroup;
			children = (
				2F60F8F12BE6F5E000DDD37B /* Base */,
			);
			name = Main.storyboard;
			sourceTree = "<group>";
		};
		2F60F8F82BE6F5E200DDD37B /* LaunchScreen.storyboard */ = {
			isa = PBXVariantGroup;
			children = (
				2F60F8F92BE6F5E200DDD37B /* Base */,
			);
			name = LaunchScreen.storyboard;
			sourceTree = "<group>";
		};
/* End PBXVariantGroup section */

/* Begin XCBuildConfiguration section */
		2F60F9122BE6F5E200DDD37B /* Debug */ = {
			isa = XCBuildConfiguration;
			buildSettings = {
				ALWAYS_SEARCH_USER_PATHS = NO;
				ASSETCATALOG_COMPILER_GENERATE_SWIFT_ASSET_SYMBOL_EXTENSIONS = YES;
				CLANG_ANALYZER_NONNULL = YES;
				CLANG_ANALYZER_NUMBER_OBJECT_CONVERSION = YES_AGGRESSIVE;
				CLANG_CXX_LANGUAGE_STANDARD = "gnu++20";
				CLANG_ENABLE_MODULES = YES;
				CLANG_ENABLE_OBJC_ARC = YES;
				CLANG_ENABLE_OBJC_WEAK = YES;
				CLANG_WARN_BLOCK_CAPTURE_AUTORELEASING = YES;
				CLANG_WARN_BOOL_CONVERSION = YES;
				CLANG_WARN_COMMA = YES;
				CLANG_WARN_CONSTANT_CONVERSION = YES;
				CLANG_WARN_DEPRECATED_OBJC_IMPLEMENTATIONS = YES;
				CLANG_WARN_DIRECT_OBJC_ISA_USAGE = YES_ERROR;
				CLANG_WARN_DOCUMENTATION_COMMENTS = YES;
				CLANG_WARN_EMPTY_BODY = YES;
				CLANG_WARN_ENUM_CONVERSION = YES;
				CLANG_WARN_INFINITE_RECURSION = YES;
				CLANG_WARN_INT_CONVERSION = YES;
				CLANG_WARN_NON_LITERAL_NULL_CONVERSION = YES;
				CLANG_WARN_OBJC_IMPLICIT_RETAIN_SELF = YES;
				CLANG_WARN_OBJC_LITERAL_CONVERSION = YES;
				CLANG_WARN_OBJC_ROOT_CLASS = YES_ERROR;
				CLANG_WARN_QUOTED_INCLUDE_IN_FRAMEWORK_HEADER = YES;
				CLANG_WARN_RANGE_LOOP_ANALYSIS = YES;
				CLANG_WARN_STRICT_PROTOTYPES = YES;
				CLANG_WARN_SUSPICIOUS_MOVE = YES;
				CLANG_WARN_UNGUARDED_AVAILABILITY = YES_AGGRESSIVE;
				CLANG_WARN_UNREACHABLE_CODE = YES;
				CLANG_WARN__DUPLICATE_METHOD_MATCH = YES;
				COPY_PHASE_STRIP = NO;
				DEBUG_INFORMATION_FORMAT = dwarf;
				ENABLE_STRICT_OBJC_MSGSEND = YES;
				ENABLE_TESTABILITY = YES;
				ENABLE_USER_SCRIPT_SANDBOXING = YES;
				GCC_C_LANGUAGE_STANDARD = gnu17;
				GCC_DYNAMIC_NO_PIC = NO;
				GCC_NO_COMMON_BLOCKS = YES;
				GCC_OPTIMIZATION_LEVEL = 0;
				GCC_PREPROCESSOR_DEFINITIONS = (
					"DEBUG=1",
					"$(inherited)",
				);
				GCC_WARN_64_TO_32_BIT_CONVERSION = YES;
				GCC_WARN_ABOUT_RETURN_TYPE = YES_ERROR;
				GCC_WARN_UNDECLARED_SELECTOR = YES;
				GCC_WARN_UNINITIALIZED_AUTOS = YES_AGGRESSIVE;
				GCC_WARN_UNUSED_FUNCTION = YES;
				GCC_WARN_UNUSED_VARIABLE = YES;
				IPHONEOS_DEPLOYMENT_TARGET = 13.0;
				LOCALIZATION_PREFERS_STRING_CATALOGS = YES;
				MTL_ENABLE_DEBUG_INFO = INCLUDE_SOURCE;
				MTL_FAST_MATH = YES;
				ONLY_ACTIVE_ARCH = YES;
				SDKROOT = iphoneos;
				SWIFT_ACTIVE_COMPILATION_CONDITIONS = "DEBUG $(inherited)";
				SWIFT_OPTIMIZATION_LEVEL = "-Onone";
			};
			name = Debug;
		};
		2F60F9132BE6F5E200DDD37B /* Release */ = {
			isa = XCBuildConfiguration;
			buildSettings = {
				ALWAYS_SEARCH_USER_PATHS = NO;
				ASSETCATALOG_COMPILER_GENERATE_SWIFT_ASSET_SYMBOL_EXTENSIONS = YES;
				CLANG_ANALYZER_NONNULL = YES;
				CLANG_ANALYZER_NUMBER_OBJECT_CONVERSION = YES_AGGRESSIVE;
				CLANG_CXX_LANGUAGE_STANDARD = "gnu++20";
				CLANG_ENABLE_MODULES = YES;
				CLANG_ENABLE_OBJC_ARC = YES;
				CLANG_ENABLE_OBJC_WEAK = YES;
				CLANG_WARN_BLOCK_CAPTURE_AUTORELEASING = YES;
				CLANG_WARN_BOOL_CONVERSION = YES;
				CLANG_WARN_COMMA = YES;
				CLANG_WARN_CONSTANT_CONVERSION = YES;
				CLANG_WARN_DEPRECATED_OBJC_IMPLEMENTATIONS = YES;
				CLANG_WARN_DIRECT_OBJC_ISA_USAGE = YES_ERROR;
				CLANG_WARN_DOCUMENTATION_COMMENTS = YES;
				CLANG_WARN_EMPTY_BODY = YES;
				CLANG_WARN_ENUM_CONVERSION = YES;
				CLANG_WARN_INFINITE_RECURSION = YES;
				CLANG_WARN_INT_CONVERSION = YES;
				CLANG_WARN_NON_LITERAL_NULL_CONVERSION = YES;
				CLANG_WARN_OBJC_IMPLICIT_RETAIN_SELF = YES;
				CLANG_WARN_OBJC_LITERAL_CONVERSION = YES;
				CLANG_WARN_OBJC_ROOT_CLASS = YES_ERROR;
				CLANG_WARN_QUOTED_INCLUDE_IN_FRAMEWORK_HEADER = YES;
				CLANG_WARN_RANGE_LOOP_ANALYSIS = YES;
				CLANG_WARN_STRICT_PROTOTYPES = YES;
				CLANG_WARN_SUSPICIOUS_MOVE = YES;
				CLANG_WARN_UNGUARDED_AVAILABILITY = YES_AGGRESSIVE;
				CLANG_WARN_UNREACHABLE_CODE = YES;
				CLANG_WARN__DUPLICATE_METHOD_MATCH = YES;
				COPY_PHASE_STRIP = NO;
				DEBUG_INFORMATION_FORMAT = "dwarf-with-dsym";
				ENABLE_NS_ASSERTIONS = NO;
				ENABLE_STRICT_OBJC_MSGSEND = YES;
				ENABLE_USER_SCRIPT_SANDBOXING = YES;
				GCC_C_LANGUAGE_STANDARD = gnu17;
				GCC_NO_COMMON_BLOCKS = YES;
				GCC_WARN_64_TO_32_BIT_CONVERSION = YES;
				GCC_WARN_ABOUT_RETURN_TYPE = YES_ERROR;
				GCC_WARN_UNDECLARED_SELECTOR = YES;
				GCC_WARN_UNINITIALIZED_AUTOS = YES_AGGRESSIVE;
				GCC_WARN_UNUSED_FUNCTION = YES;
				GCC_WARN_UNUSED_VARIABLE = YES;
				IPHONEOS_DEPLOYMENT_TARGET = 13.0;
				LOCALIZATION_PREFERS_STRING_CATALOGS = YES;
				MTL_ENABLE_DEBUG_INFO = NO;
				MTL_FAST_MATH = YES;
				SDKROOT = iphoneos;
				SWIFT_COMPILATION_MODE = wholemodule;
				VALIDATE_PRODUCT = YES;
			};
			name = Release;
		};
		2F60F9152BE6F5E200DDD37B /* Debug */ = {
			isa = XCBuildConfiguration;
			buildSettings = {
				ASSETCATALOG_COMPILER_APPICON_NAME = AppIcon;
				ASSETCATALOG_COMPILER_GLOBAL_ACCENT_COLOR_NAME = AccentColor;
				CODE_SIGN_STYLE = Automatic;
				CURRENT_PROJECT_VERSION = 1;
				DEVELOPMENT_TEAM = ZRDP3KUYDD;
				GENERATE_INFOPLIST_FILE = YES;
				INFOPLIST_FILE = "ImageFeed/Resources /Info.plist";
				INFOPLIST_KEY_UIApplicationSupportsIndirectInputEvents = YES;
				INFOPLIST_KEY_UILaunchStoryboardName = LaunchScreen;
				INFOPLIST_KEY_UIMainStoryboardFile = Main;
				INFOPLIST_KEY_UIStatusBarStyle = "";
				INFOPLIST_KEY_UISupportedInterfaceOrientations = "UIInterfaceOrientationLandscapeLeft UIInterfaceOrientationLandscapeRight UIInterfaceOrientationPortrait";
				INFOPLIST_KEY_UISupportedInterfaceOrientations_iPad = "UIInterfaceOrientationLandscapeLeft UIInterfaceOrientationLandscapeRight";
				IPHONEOS_DEPLOYMENT_TARGET = 13.0;
				LD_RUNPATH_SEARCH_PATHS = (
					"$(inherited)",
					"@executable_path/Frameworks",
				);
				MARKETING_VERSION = 1.0;
				PRODUCT_BUNDLE_IDENTIFIER = "ru.imageFeed.egor-galkin29.ImageFeed";
				PRODUCT_NAME = "$(TARGET_NAME)";
				SUPPORTED_PLATFORMS = "iphoneos iphonesimulator";
				SUPPORTS_MACCATALYST = NO;
				SUPPORTS_MAC_DESIGNED_FOR_IPHONE_IPAD = NO;
				SUPPORTS_XR_DESIGNED_FOR_IPHONE_IPAD = NO;
				SWIFT_EMIT_LOC_STRINGS = YES;
				SWIFT_VERSION = 5.0;
				TARGETED_DEVICE_FAMILY = 1;
			};
			name = Debug;
		};
		2F60F9162BE6F5E200DDD37B /* Release */ = {
			isa = XCBuildConfiguration;
			buildSettings = {
				ASSETCATALOG_COMPILER_APPICON_NAME = AppIcon;
				ASSETCATALOG_COMPILER_GLOBAL_ACCENT_COLOR_NAME = AccentColor;
				CODE_SIGN_STYLE = Automatic;
				CURRENT_PROJECT_VERSION = 1;
				DEVELOPMENT_TEAM = ZRDP3KUYDD;
				GENERATE_INFOPLIST_FILE = YES;
				INFOPLIST_FILE = "ImageFeed/Resources /Info.plist";
				INFOPLIST_KEY_UIApplicationSupportsIndirectInputEvents = YES;
				INFOPLIST_KEY_UILaunchStoryboardName = LaunchScreen;
				INFOPLIST_KEY_UIMainStoryboardFile = Main;
				INFOPLIST_KEY_UIStatusBarStyle = "";
				INFOPLIST_KEY_UISupportedInterfaceOrientations = "UIInterfaceOrientationLandscapeLeft UIInterfaceOrientationLandscapeRight UIInterfaceOrientationPortrait";
				INFOPLIST_KEY_UISupportedInterfaceOrientations_iPad = "UIInterfaceOrientationLandscapeLeft UIInterfaceOrientationLandscapeRight";
				IPHONEOS_DEPLOYMENT_TARGET = 13.0;
				LD_RUNPATH_SEARCH_PATHS = (
					"$(inherited)",
					"@executable_path/Frameworks",
				);
				MARKETING_VERSION = 1.0;
				PRODUCT_BUNDLE_IDENTIFIER = "ru.imageFeed.egor-galkin29.ImageFeed";
				PRODUCT_NAME = "$(TARGET_NAME)";
				SUPPORTED_PLATFORMS = "iphoneos iphonesimulator";
				SUPPORTS_MACCATALYST = NO;
				SUPPORTS_MAC_DESIGNED_FOR_IPHONE_IPAD = NO;
				SUPPORTS_XR_DESIGNED_FOR_IPHONE_IPAD = NO;
				SWIFT_EMIT_LOC_STRINGS = YES;
				SWIFT_VERSION = 5.0;
				TARGETED_DEVICE_FAMILY = 1;
			};
			name = Release;
		};
		2F60F9182BE6F5E200DDD37B /* Debug */ = {
			isa = XCBuildConfiguration;
			buildSettings = {
				ALWAYS_EMBED_SWIFT_STANDARD_LIBRARIES = YES;
				BUNDLE_LOADER = "$(TEST_HOST)";
				CODE_SIGN_STYLE = Automatic;
				CURRENT_PROJECT_VERSION = 1;
				DEVELOPMENT_TEAM = ZRDP3KUYDD;
				GENERATE_INFOPLIST_FILE = YES;
				IPHONEOS_DEPLOYMENT_TARGET = 13.0;
				MARKETING_VERSION = 1.0;
				PRODUCT_BUNDLE_IDENTIFIER = "ru.imageFeed.egor-galkin29.ImageFeedTests";
				PRODUCT_NAME = "$(TARGET_NAME)";
				SUPPORTED_PLATFORMS = "iphoneos iphonesimulator";
				SUPPORTS_MACCATALYST = NO;
				SUPPORTS_MAC_DESIGNED_FOR_IPHONE_IPAD = NO;
				SUPPORTS_XR_DESIGNED_FOR_IPHONE_IPAD = NO;
				SWIFT_EMIT_LOC_STRINGS = NO;
				SWIFT_VERSION = 5.0;
				TARGETED_DEVICE_FAMILY = 1;
				TEST_HOST = "$(BUILT_PRODUCTS_DIR)/ImageFeed.app/$(BUNDLE_EXECUTABLE_FOLDER_PATH)/ImageFeed";
			};
			name = Debug;
		};
		2F60F9192BE6F5E200DDD37B /* Release */ = {
			isa = XCBuildConfiguration;
			buildSettings = {
				ALWAYS_EMBED_SWIFT_STANDARD_LIBRARIES = YES;
				BUNDLE_LOADER = "$(TEST_HOST)";
				CODE_SIGN_STYLE = Automatic;
				CURRENT_PROJECT_VERSION = 1;
				DEVELOPMENT_TEAM = ZRDP3KUYDD;
				GENERATE_INFOPLIST_FILE = YES;
				IPHONEOS_DEPLOYMENT_TARGET = 13.0;
				MARKETING_VERSION = 1.0;
				PRODUCT_BUNDLE_IDENTIFIER = "ru.imageFeed.egor-galkin29.ImageFeedTests";
				PRODUCT_NAME = "$(TARGET_NAME)";
				SUPPORTED_PLATFORMS = "iphoneos iphonesimulator";
				SUPPORTS_MACCATALYST = NO;
				SUPPORTS_MAC_DESIGNED_FOR_IPHONE_IPAD = NO;
				SUPPORTS_XR_DESIGNED_FOR_IPHONE_IPAD = NO;
				SWIFT_EMIT_LOC_STRINGS = NO;
				SWIFT_VERSION = 5.0;
				TARGETED_DEVICE_FAMILY = 1;
				TEST_HOST = "$(BUILT_PRODUCTS_DIR)/ImageFeed.app/$(BUNDLE_EXECUTABLE_FOLDER_PATH)/ImageFeed";
			};
			name = Release;
		};
		2F60F91B2BE6F5E200DDD37B /* Debug */ = {
			isa = XCBuildConfiguration;
			buildSettings = {
				ALWAYS_EMBED_SWIFT_STANDARD_LIBRARIES = YES;
				CODE_SIGN_STYLE = Automatic;
				CURRENT_PROJECT_VERSION = 1;
				DEVELOPMENT_TEAM = ZRDP3KUYDD;
				GENERATE_INFOPLIST_FILE = YES;
				MARKETING_VERSION = 1.0;
				PRODUCT_BUNDLE_IDENTIFIER = "ru.imageFeed.egor-galkin29.ImageFeedUITests";
				PRODUCT_NAME = "$(TARGET_NAME)";
				SUPPORTED_PLATFORMS = "iphoneos iphonesimulator";
				SUPPORTS_MACCATALYST = NO;
				SUPPORTS_MAC_DESIGNED_FOR_IPHONE_IPAD = NO;
				SUPPORTS_XR_DESIGNED_FOR_IPHONE_IPAD = NO;
				SWIFT_EMIT_LOC_STRINGS = NO;
				SWIFT_VERSION = 5.0;
				TARGETED_DEVICE_FAMILY = 1;
				TEST_TARGET_NAME = ImageFeed;
			};
			name = Debug;
		};
		2F60F91C2BE6F5E200DDD37B /* Release */ = {
			isa = XCBuildConfiguration;
			buildSettings = {
				ALWAYS_EMBED_SWIFT_STANDARD_LIBRARIES = YES;
				CODE_SIGN_STYLE = Automatic;
				CURRENT_PROJECT_VERSION = 1;
				DEVELOPMENT_TEAM = ZRDP3KUYDD;
				GENERATE_INFOPLIST_FILE = YES;
				MARKETING_VERSION = 1.0;
				PRODUCT_BUNDLE_IDENTIFIER = "ru.imageFeed.egor-galkin29.ImageFeedUITests";
				PRODUCT_NAME = "$(TARGET_NAME)";
				SUPPORTED_PLATFORMS = "iphoneos iphonesimulator";
				SUPPORTS_MACCATALYST = NO;
				SUPPORTS_MAC_DESIGNED_FOR_IPHONE_IPAD = NO;
				SUPPORTS_XR_DESIGNED_FOR_IPHONE_IPAD = NO;
				SWIFT_EMIT_LOC_STRINGS = NO;
				SWIFT_VERSION = 5.0;
				TARGETED_DEVICE_FAMILY = 1;
				TEST_TARGET_NAME = ImageFeed;
			};
			name = Release;
		};
/* End XCBuildConfiguration section */

/* Begin XCConfigurationList section */
		2F60F8E22BE6F5E000DDD37B /* Build configuration list for PBXProject "ImageFeed" */ = {
			isa = XCConfigurationList;
			buildConfigurations = (
				2F60F9122BE6F5E200DDD37B /* Debug */,
				2F60F9132BE6F5E200DDD37B /* Release */,
			);
			defaultConfigurationIsVisible = 0;
			defaultConfigurationName = Release;
		};
		2F60F9142BE6F5E200DDD37B /* Build configuration list for PBXNativeTarget "ImageFeed" */ = {
			isa = XCConfigurationList;
			buildConfigurations = (
				2F60F9152BE6F5E200DDD37B /* Debug */,
				2F60F9162BE6F5E200DDD37B /* Release */,
			);
			defaultConfigurationIsVisible = 0;
			defaultConfigurationName = Release;
		};
		2F60F9172BE6F5E200DDD37B /* Build configuration list for PBXNativeTarget "ImageFeedTests" */ = {
			isa = XCConfigurationList;
			buildConfigurations = (
				2F60F9182BE6F5E200DDD37B /* Debug */,
				2F60F9192BE6F5E200DDD37B /* Release */,
			);
			defaultConfigurationIsVisible = 0;
			defaultConfigurationName = Release;
		};
		2F60F91A2BE6F5E200DDD37B /* Build configuration list for PBXNativeTarget "ImageFeedUITests" */ = {
			isa = XCConfigurationList;
			buildConfigurations = (
				2F60F91B2BE6F5E200DDD37B /* Debug */,
				2F60F91C2BE6F5E200DDD37B /* Release */,
			);
			defaultConfigurationIsVisible = 0;
			defaultConfigurationName = Release;
		};
/* End XCConfigurationList section */

/* Begin XCVersionGroup section */
		2F60F8F32BE6F5E000DDD37B /* ImageFeed.xcdatamodeld */ = {
			isa = XCVersionGroup;
			children = (
				2F60F8F42BE6F5E000DDD37B /* ImageFeed.xcdatamodel */,
			);
			currentVersion = 2F60F8F42BE6F5E000DDD37B /* ImageFeed.xcdatamodel */;
			path = ImageFeed.xcdatamodeld;
			sourceTree = "<group>";
			versionGroupType = wrapper.xcdatamodel;
		};
/* End XCVersionGroup section */
	};
	rootObject = 2F60F8DF2BE6F5E000DDD37B /* Project object */;
}
