// !$*UTF8*$!
{
	archiveVersion = 1;
	classes = {
	};
	objectVersion = 56;
	objects = {

/* Begin PBXBuildFile section */
		2F00DC882C5C129500373FA0 /* AuthViewController.swift in Sources */ = {isa = PBXBuildFile; fileRef = 2F00DC872C5C129500373FA0 /* AuthViewController.swift */; };
		2F00DC8B2C5C166B00373FA0 /* WebViewViewController.swift in Sources */ = {isa = PBXBuildFile; fileRef = 2F00DC8A2C5C166B00373FA0 /* WebViewViewController.swift */; };
		2F00DC8D2C62C53600373FA0 /* OAuth2Service.swift in Sources */ = {isa = PBXBuildFile; fileRef = 2F00DC8C2C62C53600373FA0 /* OAuth2Service.swift */; };
		2F00DC912C678B6700373FA0 /* OAuth2TokenStorage.swift in Sources */ = {isa = PBXBuildFile; fileRef = 2F00DC902C678B6700373FA0 /* OAuth2TokenStorage.swift */; };
		2F00DC962C69495D00373FA0 /* SplashViewController.swift in Sources */ = {isa = PBXBuildFile; fileRef = 2F00DC952C69495D00373FA0 /* SplashViewController.swift */; };
		2F0D15CA2C71262700E11209 /* ProgressHUD in Frameworks */ = {isa = PBXBuildFile; productRef = 2F0D15C92C71262700E11209 /* ProgressHUD */; };
		2F0D15CD2C75302B00E11209 /* UIBlockingProgressHUD.swift in Sources */ = {isa = PBXBuildFile; fileRef = 2F0D15CC2C75302B00E11209 /* UIBlockingProgressHUD.swift */; };
		2F0D15D02C75335000E11209 /* ProfileService.swift in Sources */ = {isa = PBXBuildFile; fileRef = 2F0D15CF2C75335000E11209 /* ProfileService.swift */; };
		2F1405AE2C14EFDF00882D2E /* Constants.swift in Sources */ = {isa = PBXBuildFile; fileRef = 2F1405AD2C14EFDF00882D2E /* Constants.swift */; };
		2F1B7D892C80752400BD7B88 /* ProfileImageService.swift in Sources */ = {isa = PBXBuildFile; fileRef = 2F1B7D882C80752400BD7B88 /* ProfileImageService.swift */; };
		2F1B7D8B2C81D30300BD7B88 /* URLSession+data.swift in Sources */ = {isa = PBXBuildFile; fileRef = 2F1B7D8A2C81D30300BD7B88 /* URLSession+data.swift */; };
		2F1B7D912C86973500BD7B88 /* Kingfisher in Frameworks */ = {isa = PBXBuildFile; productRef = 2F1B7D902C86973500BD7B88 /* Kingfisher */; };
		2F1B7D942C87EBFF00BD7B88 /* SwiftKeychainWrapper in Frameworks */ = {isa = PBXBuildFile; productRef = 2F1B7D932C87EBFF00BD7B88 /* SwiftKeychainWrapper */; };
		2F1B7D972C87F03700BD7B88 /* TabBarController.swift in Sources */ = {isa = PBXBuildFile; fileRef = 2F1B7D962C87F03700BD7B88 /* TabBarController.swift */; };
		2F2F411E2BFAC37D00070F39 /* SingleImageViewController.swift in Sources */ = {isa = PBXBuildFile; fileRef = 2F2F411D2BFAC37D00070F39 /* SingleImageViewController.swift */; };
		2F3CA4FF2C8F78A70047DDF9 /* ImagesListService.swift in Sources */ = {isa = PBXBuildFile; fileRef = 2F3CA4FE2C8F78A70047DDF9 /* ImagesListService.swift */; };
		2F3CA5022C8F79D80047DDF9 /* Photo.swift in Sources */ = {isa = PBXBuildFile; fileRef = 2F3CA5012C8F79D80047DDF9 /* Photo.swift */; };
		2F3CA5042C90A2430047DDF9 /* CustomDateFormatter.swift in Sources */ = {isa = PBXBuildFile; fileRef = 2F3CA5032C90A2430047DDF9 /* CustomDateFormatter.swift */; };
		2F60F8EB2BE6F5E000DDD37B /* AppDelegate.swift in Sources */ = {isa = PBXBuildFile; fileRef = 2F60F8EA2BE6F5E000DDD37B /* AppDelegate.swift */; };
		2F60F8ED2BE6F5E000DDD37B /* SceneDelegate.swift in Sources */ = {isa = PBXBuildFile; fileRef = 2F60F8EC2BE6F5E000DDD37B /* SceneDelegate.swift */; };
		2F60F8EF2BE6F5E000DDD37B /* ImagesListViewController.swift in Sources */ = {isa = PBXBuildFile; fileRef = 2F60F8EE2BE6F5E000DDD37B /* ImagesListViewController.swift */; };
		2F60F8F22BE6F5E000DDD37B /* Base in Resources */ = {isa = PBXBuildFile; fileRef = 2F60F8F12BE6F5E000DDD37B /* Base */; };
		2F60F8F52BE6F5E000DDD37B /* ImageFeed.xcdatamodeld in Sources */ = {isa = PBXBuildFile; fileRef = 2F60F8F32BE6F5E000DDD37B /* ImageFeed.xcdatamodeld */; };
		2F60F8F72BE6F5E200DDD37B /* Assets.xcassets in Resources */ = {isa = PBXBuildFile; fileRef = 2F60F8F62BE6F5E200DDD37B /* Assets.xcassets */; };
		2F60F8FA2BE6F5E200DDD37B /* Base in Resources */ = {isa = PBXBuildFile; fileRef = 2F60F8F92BE6F5E200DDD37B /* Base */; };
		2F60F9052BE6F5E200DDD37B /* ImageFeedTests.swift in Sources */ = {isa = PBXBuildFile; fileRef = 2F60F9042BE6F5E200DDD37B /* ImageFeedTests.swift */; };
		2F60F90F2BE6F5E200DDD37B /* ImageFeedUITests.swift in Sources */ = {isa = PBXBuildFile; fileRef = 2F60F90E2BE6F5E200DDD37B /* ImageFeedUITests.swift */; };
		2F60F9112BE6F5E200DDD37B /* ImageFeedUITestsLaunchTests.swift in Sources */ = {isa = PBXBuildFile; fileRef = 2F60F9102BE6F5E200DDD37B /* ImageFeedUITestsLaunchTests.swift */; };
		2F60F9EE2BEC5BC200DDD37B /* ImagesListCell.swift in Sources */ = {isa = PBXBuildFile; fileRef = 2F60F9ED2BEC5BC200DDD37B /* ImagesListCell.swift */; };
		2FBB4A9F2BF5AB4A0022EBA8 /* ProfileViewController.swift in Sources */ = {isa = PBXBuildFile; fileRef = 2FBB4A9E2BF5AB4A0022EBA8 /* ProfileViewController.swift */; };
/* End PBXBuildFile section */

/* Begin PBXContainerItemProxy section */
		2F60F9012BE6F5E200DDD37B /* PBXContainerItemProxy */ = {
			isa = PBXContainerItemProxy;
			containerPortal = 2F60F8DF2BE6F5E000DDD37B /* Project object */;
			proxyType = 1;
			remoteGlobalIDString = 2F60F8E62BE6F5E000DDD37B;
			remoteInfo = ImageFeed;
		};
		2F60F90B2BE6F5E200DDD37B /* PBXContainerItemProxy */ = {
			isa = PBXContainerItemProxy;
			containerPortal = 2F60F8DF2BE6F5E000DDD37B /* Project object */;
			proxyType = 1;
			remoteGlobalIDString = 2F60F8E62BE6F5E000DDD37B;
			remoteInfo = ImageFeed;
		};
/* End PBXContainerItemProxy section */

/* Begin PBXFileReference section */
		2F00DC872C5C129500373FA0 /* AuthViewController.swift */ = {isa = PBXFileReference; lastKnownFileType = sourcecode.swift; path = AuthViewController.swift; sourceTree = "<group>"; };
		2F00DC8A2C5C166B00373FA0 /* WebViewViewController.swift */ = {isa = PBXFileReference; lastKnownFileType = sourcecode.swift; path = WebViewViewController.swift; sourceTree = "<group>"; };
		2F00DC8C2C62C53600373FA0 /* OAuth2Service.swift */ = {isa = PBXFileReference; lastKnownFileType = sourcecode.swift; path = OAuth2Service.swift; sourceTree = "<group>"; };
		2F00DC902C678B6700373FA0 /* OAuth2TokenStorage.swift */ = {isa = PBXFileReference; lastKnownFileType = sourcecode.swift; path = OAuth2TokenStorage.swift; sourceTree = "<group>"; };
		2F00DC952C69495D00373FA0 /* SplashViewController.swift */ = {isa = PBXFileReference; lastKnownFileType = sourcecode.swift; path = SplashViewController.swift; sourceTree = "<group>"; };
		2F0D15CC2C75302B00E11209 /* UIBlockingProgressHUD.swift */ = {isa = PBXFileReference; lastKnownFileType = sourcecode.swift; path = UIBlockingProgressHUD.swift; sourceTree = "<group>"; };
		2F0D15CF2C75335000E11209 /* ProfileService.swift */ = {isa = PBXFileReference; lastKnownFileType = sourcecode.swift; path = ProfileService.swift; sourceTree = "<group>"; };
		2F1405AD2C14EFDF00882D2E /* Constants.swift */ = {isa = PBXFileReference; lastKnownFileType = sourcecode.swift; path = Constants.swift; sourceTree = "<group>"; };
		2F1B7D882C80752400BD7B88 /* ProfileImageService.swift */ = {isa = PBXFileReference; lastKnownFileType = sourcecode.swift; path = ProfileImageService.swift; sourceTree = "<group>"; };
		2F1B7D8A2C81D30300BD7B88 /* URLSession+data.swift */ = {isa = PBXFileReference; lastKnownFileType = sourcecode.swift; path = "URLSession+data.swift"; sourceTree = "<group>"; };
		2F1B7D962C87F03700BD7B88 /* TabBarController.swift */ = {isa = PBXFileReference; lastKnownFileType = sourcecode.swift; path = TabBarController.swift; sourceTree = "<group>"; };
		2F2F411D2BFAC37D00070F39 /* SingleImageViewController.swift */ = {isa = PBXFileReference; lastKnownFileType = sourcecode.swift; path = SingleImageViewController.swift; sourceTree = "<group>"; };
		2F3CA4FE2C8F78A70047DDF9 /* ImagesListService.swift */ = {isa = PBXFileReference; lastKnownFileType = sourcecode.swift; path = ImagesListService.swift; sourceTree = "<group>"; };
		2F3CA5012C8F79D80047DDF9 /* Photo.swift */ = {isa = PBXFileReference; lastKnownFileType = sourcecode.swift; path = Photo.swift; sourceTree = "<group>"; };
		2F3CA5032C90A2430047DDF9 /* CustomDateFormatter.swift */ = {isa = PBXFileReference; lastKnownFileType = sourcecode.swift; path = CustomDateFormatter.swift; sourceTree = "<group>"; };
		2F60F8E72BE6F5E000DDD37B /* ImageFeed.app */ = {isa = PBXFileReference; explicitFileType = wrapper.application; includeInIndex = 0; path = ImageFeed.app; sourceTree = BUILT_PRODUCTS_DIR; };
		2F60F8EA2BE6F5E000DDD37B /* AppDelegate.swift */ = {isa = PBXFileReference; lastKnownFileType = sourcecode.swift; path = AppDelegate.swift; sourceTree = "<group>"; };
		2F60F8EC2BE6F5E000DDD37B /* SceneDelegate.swift */ = {isa = PBXFileReference; lastKnownFileType = sourcecode.swift; path = SceneDelegate.swift; sourceTree = "<group>"; };
		2F60F8EE2BE6F5E000DDD37B /* ImagesListViewController.swift */ = {isa = PBXFileReference; lastKnownFileType = sourcecode.swift; path = ImagesListViewController.swift; sourceTree = "<group>"; };
		2F60F8F12BE6F5E000DDD37B /* Base */ = {isa = PBXFileReference; lastKnownFileType = file.storyboard; name = Base; path = Base.lproj/Main.storyboard; sourceTree = "<group>"; };
		2F60F8F42BE6F5E000DDD37B /* ImageFeed.xcdatamodel */ = {isa = PBXFileReference; lastKnownFileType = wrapper.xcdatamodel; path = ImageFeed.xcdatamodel; sourceTree = "<group>"; };
		2F60F8F62BE6F5E200DDD37B /* Assets.xcassets */ = {isa = PBXFileReference; lastKnownFileType = folder.assetcatalog; path = Assets.xcassets; sourceTree = "<group>"; };
		2F60F8F92BE6F5E200DDD37B /* Base */ = {isa = PBXFileReference; lastKnownFileType = file.storyboard; name = Base; path = Base.lproj/LaunchScreen.storyboard; sourceTree = "<group>"; };
		2F60F8FB2BE6F5E200DDD37B /* Info.plist */ = {isa = PBXFileReference; lastKnownFileType = text.plist.xml; path = Info.plist; sourceTree = "<group>"; };
		2F60F9002BE6F5E200DDD37B /* ImageFeedTests.xctest */ = {isa = PBXFileReference; explicitFileType = wrapper.cfbundle; includeInIndex = 0; path = ImageFeedTests.xctest; sourceTree = BUILT_PRODUCTS_DIR; };
		2F60F9042BE6F5E200DDD37B /* ImageFeedTests.swift */ = {isa = PBXFileReference; lastKnownFileType = sourcecode.swift; path = ImageFeedTests.swift; sourceTree = "<group>"; };
		2F60F90A2BE6F5E200DDD37B /* ImageFeedUITests.xctest */ = {isa = PBXFileReference; explicitFileType = wrapper.cfbundle; includeInIndex = 0; path = ImageFeedUITests.xctest; sourceTree = BUILT_PRODUCTS_DIR; };
		2F60F90E2BE6F5E200DDD37B /* ImageFeedUITests.swift */ = {isa = PBXFileReference; lastKnownFileType = sourcecode.swift; path = ImageFeedUITests.swift; sourceTree = "<group>"; };
		2F60F9102BE6F5E200DDD37B /* ImageFeedUITestsLaunchTests.swift */ = {isa = PBXFileReference; lastKnownFileType = sourcecode.swift; path = ImageFeedUITestsLaunchTests.swift; sourceTree = "<group>"; };
		2F60F9ED2BEC5BC200DDD37B /* ImagesListCell.swift */ = {isa = PBXFileReference; lastKnownFileType = sourcecode.swift; path = ImagesListCell.swift; sourceTree = "<group>"; };
		2FBB4A9E2BF5AB4A0022EBA8 /* ProfileViewController.swift */ = {isa = PBXFileReference; lastKnownFileType = sourcecode.swift; path = ProfileViewController.swift; sourceTree = "<group>"; };
/* End PBXFileReference section */

/* Begin PBXFrameworksBuildPhase section */
		2F60F8E42BE6F5E000DDD37B /* Frameworks */ = {
			isa = PBXFrameworksBuildPhase;
			buildActionMask = 2147483647;
			files = (
				2F1B7D912C86973500BD7B88 /* Kingfisher in Frameworks */,
				2F0D15CA2C71262700E11209 /* ProgressHUD in Frameworks */,
				2F1B7D942C87EBFF00BD7B88 /* SwiftKeychainWrapper in Frameworks */,
			);
			runOnlyForDeploymentPostprocessing = 0;
		};
		2F60F8FD2BE6F5E200DDD37B /* Frameworks */ = {
			isa = PBXFrameworksBuildPhase;
			buildActionMask = 2147483647;
			files = (
			);
			runOnlyForDeploymentPostprocessing = 0;
		};
		2F60F9072BE6F5E200DDD37B /* Frameworks */ = {
			isa = PBXFrameworksBuildPhase;
			buildActionMask = 2147483647;
			files = (
			);
			runOnlyForDeploymentPostprocessing = 0;
		};
/* End PBXFrameworksBuildPhase section */

/* Begin PBXGroup section */
		2F00DC892C5C164400373FA0 /* Auth */ = {
			isa = PBXGroup;
			children = (
				2F00DC922C6948FE00373FA0 /* Auth2Services */,
				2F00DC872C5C129500373FA0 /* AuthViewController.swift */,
				2F00DC8A2C5C166B00373FA0 /* WebViewViewController.swift */,
			);
			path = Auth;
			sourceTree = "<group>";
		};
		2F00DC922C6948FE00373FA0 /* Auth2Services */ = {
			isa = PBXGroup;
			children = (
				2F00DC902C678B6700373FA0 /* OAuth2TokenStorage.swift */,
				2F00DC8C2C62C53600373FA0 /* OAuth2Service.swift */,
			);
			path = Auth2Services;
			sourceTree = "<group>";
		};
		2F00DC942C69494100373FA0 /* SplasScreen */ = {
			isa = PBXGroup;
			children = (
				2F00DC952C69495D00373FA0 /* SplashViewController.swift */,
			);
			path = SplasScreen;
			sourceTree = "<group>";
		};
		2F0D15CB2C75300E00E11209 /* UIBlockingProgressHUD */ = {
			isa = PBXGroup;
			children = (
				2F0D15CC2C75302B00E11209 /* UIBlockingProgressHUD.swift */,
			);
			path = UIBlockingProgressHUD;
			sourceTree = "<group>";
		};
		2F0D15CE2C75333B00E11209 /* ProfileServices */ = {
			isa = PBXGroup;
			children = (
				2F0D15CF2C75335000E11209 /* ProfileService.swift */,
				2F1B7D882C80752400BD7B88 /* ProfileImageService.swift */,
			);
			path = ProfileServices;
			sourceTree = "<group>";
		};
		2F1B7D952C87F01B00BD7B88 /* TabBar */ = {
			isa = PBXGroup;
			children = (
				2F1B7D962C87F03700BD7B88 /* TabBarController.swift */,
			);
			path = TabBar;
			sourceTree = "<group>";
		};
		2F2F411C2BFAC36B00070F39 /* SingleImageView */ = {
			isa = PBXGroup;
			children = (
				2F2F411D2BFAC37D00070F39 /* SingleImageViewController.swift */,
			);
			path = SingleImageView;
			sourceTree = "<group>";
		};
		2F3CA4FD2C8F78950047DDF9 /* ImagesListService */ = {
			isa = PBXGroup;
			children = (
				2F3CA4FE2C8F78A70047DDF9 /* ImagesListService.swift */,
			);
			path = ImagesListService;
			sourceTree = "<group>";
		};
		2F3CA5002C8F79BC0047DDF9 /* Models */ = {
			isa = PBXGroup;
			children = (
				2F3CA5012C8F79D80047DDF9 /* Photo.swift */,
			);
			path = Models;
			sourceTree = "<group>";
		};
		2F60F8DE2BE6F5E000DDD37B = {
			isa = PBXGroup;
			children = (
				2F60F8E92BE6F5E000DDD37B /* ImageFeed */,
				2F60F9032BE6F5E200DDD37B /* ImageFeedTests */,
				2F60F90D2BE6F5E200DDD37B /* ImageFeedUITests */,
				2F60F8E82BE6F5E000DDD37B /* Products */,
			);
			sourceTree = "<group>";
		};
		2F60F8E82BE6F5E000DDD37B /* Products */ = {
			isa = PBXGroup;
			children = (
				2F60F8E72BE6F5E000DDD37B /* ImageFeed.app */,
				2F60F9002BE6F5E200DDD37B /* ImageFeedTests.xctest */,
				2F60F90A2BE6F5E200DDD37B /* ImageFeedUITests.xctest */,
			);
			name = Products;
			sourceTree = "<group>";
		};
		2F60F8E92BE6F5E000DDD37B /* ImageFeed */ = {
			isa = PBXGroup;
			children = (
				2F60F8EA2BE6F5E000DDD37B /* AppDelegate.swift */,
				2F60F8EC2BE6F5E000DDD37B /* SceneDelegate.swift */,
				2F1405AD2C14EFDF00882D2E /* Constants.swift */,
				2F60F8F32BE6F5E000DDD37B /* ImageFeed.xcdatamodeld */,
				2F60F9EC2BEC5B9500DDD37B /* Presentation */,
				2F60F96A2BEBAD5500DDD37B /* Resources  */,
				2F1B7D8A2C81D30300BD7B88 /* URLSession+data.swift */,
				2F3CA5032C90A2430047DDF9 /* CustomDateFormatter.swift */,
			);
			path = ImageFeed;
			sourceTree = "<group>";
		};
		2F60F9032BE6F5E200DDD37B /* ImageFeedTests */ = {
			isa = PBXGroup;
			children = (
				2F60F9042BE6F5E200DDD37B /* ImageFeedTests.swift */,
			);
			path = ImageFeedTests;
			sourceTree = "<group>";
		};
		2F60F90D2BE6F5E200DDD37B /* ImageFeedUITests */ = {
			isa = PBXGroup;
			children = (
				2F60F90E2BE6F5E200DDD37B /* ImageFeedUITests.swift */,
				2F60F9102BE6F5E200DDD37B /* ImageFeedUITestsLaunchTests.swift */,
			);
			path = ImageFeedUITests;
			sourceTree = "<group>";
		};
		2F60F96A2BEBAD5500DDD37B /* Resources  */ = {
			isa = PBXGroup;
			children = (
				2F60F8F82BE6F5E200DDD37B /* LaunchScreen.storyboard */,
				2F60F8FB2BE6F5E200DDD37B /* Info.plist */,
				2F60F8F62BE6F5E200DDD37B /* Assets.xcassets */,
			);
			path = "Resources ";
			sourceTree = "<group>";
		};
		2F60F9EC2BEC5B9500DDD37B /* Presentation */ = {
			isa = PBXGroup;
			children = (
				2F3CA5002C8F79BC0047DDF9 /* Models */,
				2F1B7D952C87F01B00BD7B88 /* TabBar */,
				2F0D15CB2C75300E00E11209 /* UIBlockingProgressHUD */,
				2F00DC942C69494100373FA0 /* SplasScreen */,
				2F00DC892C5C164400373FA0 /* Auth */,
				2F2F411C2BFAC36B00070F39 /* SingleImageView */,
				2FBB4AA02BF63A540022EBA8 /* Profile */,
				2F60F9EF2BEC5BEE00DDD37B /* ImagesList */,
				2F60F8F02BE6F5E000DDD37B /* Main.storyboard */,
			);
			path = Presentation;
			sourceTree = "<group>";
		};
		2F60F9EF2BEC5BEE00DDD37B /* ImagesList */ = {
			isa = PBXGroup;
			children = (
				2F3CA4FD2C8F78950047DDF9 /* ImagesListService */,
				2F60F8EE2BE6F5E000DDD37B /* ImagesListViewController.swift */,
				2F60F9ED2BEC5BC200DDD37B /* ImagesListCell.swift */,
			);
			path = ImagesList;
			sourceTree = "<group>";
		};
		2FBB4AA02BF63A540022EBA8 /* Profile */ = {
			isa = PBXGroup;
			children = (
				2F0D15CE2C75333B00E11209 /* ProfileServices */,
				2FBB4A9E2BF5AB4A0022EBA8 /* ProfileViewController.swift */,
			);
			path = Profile;
			sourceTree = "<group>";
		};
/* End PBXGroup section */

/* Begin PBXNativeTarget section */
		2F60F8E62BE6F5E000DDD37B /* ImageFeed */ = {
			isa = PBXNativeTarget;
			buildConfigurationList = 2F60F9142BE6F5E200DDD37B /* Build configuration list for PBXNativeTarget "ImageFeed" */;
			buildPhases = (
				2F60F8E32BE6F5E000DDD37B /* Sources */,
				2F60F8E42BE6F5E000DDD37B /* Frameworks */,
				2F60F8E52BE6F5E000DDD37B /* Resources */,
			);
			buildRules = (
			);
			dependencies = (
			);
			name = ImageFeed;
			packageProductDependencies = (
				2F0D15C92C71262700E11209 /* ProgressHUD */,
				2F1B7D902C86973500BD7B88 /* Kingfisher */,
				2F1B7D932C87EBFF00BD7B88 /* SwiftKeychainWrapper */,
			);
			productName = ImageFeed;
			productReference = 2F60F8E72BE6F5E000DDD37B /* ImageFeed.app */;
			productType = "com.apple.product-type.application";
		};
		2F60F8FF2BE6F5E200DDD37B /* ImageFeedTests */ = {
			isa = PBXNativeTarget;
			buildConfigurationList = 2F60F9172BE6F5E200DDD37B /* Build configuration list for PBXNativeTarget "ImageFeedTests" */;
			buildPhases = (
				2F60F8FC2BE6F5E200DDD37B /* Sources */,
				2F60F8FD2BE6F5E200DDD37B /* Frameworks */,
				2F60F8FE2BE6F5E200DDD37B /* Resources */,
			);
			buildRules = (
			);
			dependencies = (
				2F60F9022BE6F5E200DDD37B /* PBXTargetDependency */,
			);
			name = ImageFeedTests;
			productName = ImageFeedTests;
			productReference = 2F60F9002BE6F5E200DDD37B /* ImageFeedTests.xctest */;
			productType = "com.apple.product-type.bundle.unit-test";
		};
		2F60F9092BE6F5E200DDD37B /* ImageFeedUITests */ = {
			isa = PBXNativeTarget;
			buildConfigurationList = 2F60F91A2BE6F5E200DDD37B /* Build configuration list for PBXNativeTarget "ImageFeedUITests" */;
			buildPhases = (
				2F60F9062BE6F5E200DDD37B /* Sources */,
				2F60F9072BE6F5E200DDD37B /* Frameworks */,
				2F60F9082BE6F5E200DDD37B /* Resources */,
			);
			buildRules = (
			);
			dependencies = (
				2F60F90C2BE6F5E200DDD37B /* PBXTargetDependency */,
			);
			name = ImageFeedUITests;
			productName = ImageFeedUITests;
			productReference = 2F60F90A2BE6F5E200DDD37B /* ImageFeedUITests.xctest */;
			productType = "com.apple.product-type.bundle.ui-testing";
		};
/* End PBXNativeTarget section */

/* Begin PBXProject section */
		2F60F8DF2BE6F5E000DDD37B /* Project object */ = {
			isa = PBXProject;
			attributes = {
				BuildIndependentTargetsInParallel = 1;
				LastSwiftUpdateCheck = 1530;
				LastUpgradeCheck = 1530;
				TargetAttributes = {
					2F60F8E62BE6F5E000DDD37B = {
						CreatedOnToolsVersion = 15.3;
					};
					2F60F8FF2BE6F5E200DDD37B = {
						CreatedOnToolsVersion = 15.3;
						TestTargetID = 2F60F8E62BE6F5E000DDD37B;
					};
					2F60F9092BE6F5E200DDD37B = {
						CreatedOnToolsVersion = 15.3;
						TestTargetID = 2F60F8E62BE6F5E000DDD37B;
					};
				};
			};
			buildConfigurationList = 2F60F8E22BE6F5E000DDD37B /* Build configuration list for PBXProject "ImageFeed" */;
			compatibilityVersion = "Xcode 14.0";
			developmentRegion = en;
			hasScannedForEncodings = 0;
			knownRegions = (
				en,
				Base,
			);
			mainGroup = 2F60F8DE2BE6F5E000DDD37B;
			packageReferences = (
				2F0D15C82C71262700E11209 /* XCRemoteSwiftPackageReference "ProgressHUD" */,
				2F1B7D8F2C86973500BD7B88 /* XCRemoteSwiftPackageReference "Kingfisher" */,
				2F1B7D922C87EBFF00BD7B88 /* XCRemoteSwiftPackageReference "SwiftKeychainWrapper" */,
			);
			productRefGroup = 2F60F8E82BE6F5E000DDD37B /* Products */;
			projectDirPath = "";
			projectRoot = "";
			targets = (
				2F60F8E62BE6F5E000DDD37B /* ImageFeed */,
				2F60F8FF2BE6F5E200DDD37B /* ImageFeedTests */,
				2F60F9092BE6F5E200DDD37B /* ImageFeedUITests */,
			);
		};
/* End PBXProject section */

/* Begin PBXResourcesBuildPhase section */
		2F60F8E52BE6F5E000DDD37B /* Resources */ = {
			isa = PBXResourcesBuildPhase;
			buildActionMask = 2147483647;
			files = (
				2F60F8F72BE6F5E200DDD37B /* Assets.xcassets in Resources */,
				2F60F8FA2BE6F5E200DDD37B /* Base in Resources */,
				2F60F8F22BE6F5E000DDD37B /* Base in Resources */,
			);
			runOnlyForDeploymentPostprocessing = 0;
		};
		2F60F8FE2BE6F5E200DDD37B /* Resources */ = {
			isa = PBXResourcesBuildPhase;
			buildActionMask = 2147483647;
			files = (
			);
			runOnlyForDeploymentPostprocessing = 0;
		};
		2F60F9082BE6F5E200DDD37B /* Resources */ = {
			isa = PBXResourcesBuildPhase;
			buildActionMask = 2147483647;
			files = (
			);
			runOnlyForDeploymentPostprocessing = 0;
		};
/* End PBXResourcesBuildPhase section */

/* Begin PBXSourcesBuildPhase section */
		2F60F8E32BE6F5E000DDD37B /* Sources */ = {
			isa = PBXSourcesBuildPhase;
			buildActionMask = 2147483647;
			files = (
				2F00DC8B2C5C166B00373FA0 /* WebViewViewController.swift in Sources */,
				2F0D15D02C75335000E11209 /* ProfileService.swift in Sources */,
				2F1B7D8B2C81D30300BD7B88 /* URLSession+data.swift in Sources */,
				2F1B7D972C87F03700BD7B88 /* TabBarController.swift in Sources */,
				2F3CA5022C8F79D80047DDF9 /* Photo.swift in Sources */,
				2FBB4A9F2BF5AB4A0022EBA8 /* ProfileViewController.swift in Sources */,
				2F60F8EF2BE6F5E000DDD37B /* ImagesListViewController.swift in Sources */,
				2F60F8F52BE6F5E000DDD37B /* ImageFeed.xcdatamodeld in Sources */,
				2F2F411E2BFAC37D00070F39 /* SingleImageViewController.swift in Sources */,
				2F1B7D892C80752400BD7B88 /* ProfileImageService.swift in Sources */,
				2F00DC962C69495D00373FA0 /* SplashViewController.swift in Sources */,
				2F60F9EE2BEC5BC200DDD37B /* ImagesListCell.swift in Sources */,
				2F60F8EB2BE6F5E000DDD37B /* AppDelegate.swift in Sources */,
				2F0D15CD2C75302B00E11209 /* UIBlockingProgressHUD.swift in Sources */,
				2F60F8ED2BE6F5E000DDD37B /* SceneDelegate.swift in Sources */,
				2F3CA4FF2C8F78A70047DDF9 /* ImagesListService.swift in Sources */,
				2F00DC882C5C129500373FA0 /* AuthViewController.swift in Sources */,
				2F3CA5042C90A2430047DDF9 /* CustomDateFormatter.swift in Sources */,
				2F00DC8D2C62C53600373FA0 /* OAuth2Service.swift in Sources */,
				2F00DC912C678B6700373FA0 /* OAuth2TokenStorage.swift in Sources */,
				2F1405AE2C14EFDF00882D2E /* Constants.swift in Sources */,
			);
			runOnlyForDeploymentPostprocessing = 0;
		};
		2F60F8FC2BE6F5E200DDD37B /* Sources */ = {
			isa = PBXSourcesBuildPhase;
			buildActionMask = 2147483647;
			files = (
				2F60F9052BE6F5E200DDD37B /* ImageFeedTests.swift in Sources */,
			);
			runOnlyForDeploymentPostprocessing = 0;
		};
		2F60F9062BE6F5E200DDD37B /* Sources */ = {
			isa = PBXSourcesBuildPhase;
			buildActionMask = 2147483647;
			files = (
				2F60F9112BE6F5E200DDD37B /* ImageFeedUITestsLaunchTests.swift in Sources */,
				2F60F90F2BE6F5E200DDD37B /* ImageFeedUITests.swift in Sources */,
			);
			runOnlyForDeploymentPostprocessing = 0;
		};
/* End PBXSourcesBuildPhase section */

/* Begin PBXTargetDependency section */
		2F60F9022BE6F5E200DDD37B /* PBXTargetDependency */ = {
			isa = PBXTargetDependency;
			target = 2F60F8E62BE6F5E000DDD37B /* ImageFeed */;
			targetProxy = 2F60F9012BE6F5E200DDD37B /* PBXContainerItemProxy */;
		};
		2F60F90C2BE6F5E200DDD37B /* PBXTargetDependency */ = {
			isa = PBXTargetDependency;
			target = 2F60F8E62BE6F5E000DDD37B /* ImageFeed */;
			targetProxy = 2F60F90B2BE6F5E200DDD37B /* PBXContainerItemProxy */;
		};
/* End PBXTargetDependency section */

/* Begin PBXVariantGroup section */
		2F60F8F02BE6F5E000DDD37B /* Main.storyboard */ = {
			isa = PBXVariantGroup;
			children = (
				2F60F8F12BE6F5E000DDD37B /* Base */,
			);
			name = Main.storyboard;
			sourceTree = "<group>";
		};
		2F60F8F82BE6F5E200DDD37B /* LaunchScreen.storyboard */ = {
			isa = PBXVariantGroup;
			children = (
				2F60F8F92BE6F5E200DDD37B /* Base */,
			);
			name = LaunchScreen.storyboard;
			sourceTree = "<group>";
		};
/* End PBXVariantGroup section */

/* Begin XCBuildConfiguration section */
		2F60F9122BE6F5E200DDD37B /* Debug */ = {
			isa = XCBuildConfiguration;
			buildSettings = {
				ALWAYS_SEARCH_USER_PATHS = NO;
				ASSETCATALOG_COMPILER_GENERATE_SWIFT_ASSET_SYMBOL_EXTENSIONS = YES;
				CLANG_ANALYZER_NONNULL = YES;
				CLANG_ANALYZER_NUMBER_OBJECT_CONVERSION = YES_AGGRESSIVE;
				CLANG_CXX_LANGUAGE_STANDARD = "gnu++20";
				CLANG_ENABLE_MODULES = YES;
				CLANG_ENABLE_OBJC_ARC = YES;
				CLANG_ENABLE_OBJC_WEAK = YES;
				CLANG_WARN_BLOCK_CAPTURE_AUTORELEASING = YES;
				CLANG_WARN_BOOL_CONVERSION = YES;
				CLANG_WARN_COMMA = YES;
				CLANG_WARN_CONSTANT_CONVERSION = YES;
				CLANG_WARN_DEPRECATED_OBJC_IMPLEMENTATIONS = YES;
				CLANG_WARN_DIRECT_OBJC_ISA_USAGE = YES_ERROR;
				CLANG_WARN_DOCUMENTATION_COMMENTS = YES;
				CLANG_WARN_EMPTY_BODY = YES;
				CLANG_WARN_ENUM_CONVERSION = YES;
				CLANG_WARN_INFINITE_RECURSION = YES;
				CLANG_WARN_INT_CONVERSION = YES;
				CLANG_WARN_NON_LITERAL_NULL_CONVERSION = YES;
				CLANG_WARN_OBJC_IMPLICIT_RETAIN_SELF = YES;
				CLANG_WARN_OBJC_LITERAL_CONVERSION = YES;
				CLANG_WARN_OBJC_ROOT_CLASS = YES_ERROR;
				CLANG_WARN_QUOTED_INCLUDE_IN_FRAMEWORK_HEADER = YES;
				CLANG_WARN_RANGE_LOOP_ANALYSIS = YES;
				CLANG_WARN_STRICT_PROTOTYPES = YES;
				CLANG_WARN_SUSPICIOUS_MOVE = YES;
				CLANG_WARN_UNGUARDED_AVAILABILITY = YES_AGGRESSIVE;
				CLANG_WARN_UNREACHABLE_CODE = YES;
				CLANG_WARN__DUPLICATE_METHOD_MATCH = YES;
				COPY_PHASE_STRIP = NO;
				DEBUG_INFORMATION_FORMAT = dwarf;
				ENABLE_STRICT_OBJC_MSGSEND = YES;
				ENABLE_TESTABILITY = YES;
				ENABLE_USER_SCRIPT_SANDBOXING = YES;
				GCC_C_LANGUAGE_STANDARD = gnu17;
				GCC_DYNAMIC_NO_PIC = NO;
				GCC_NO_COMMON_BLOCKS = YES;
				GCC_OPTIMIZATION_LEVEL = 0;
				GCC_PREPROCESSOR_DEFINITIONS = (
					"DEBUG=1",
					"$(inherited)",
				);
				GCC_WARN_64_TO_32_BIT_CONVERSION = YES;
				GCC_WARN_ABOUT_RETURN_TYPE = YES_ERROR;
				GCC_WARN_UNDECLARED_SELECTOR = YES;
				GCC_WARN_UNINITIALIZED_AUTOS = YES_AGGRESSIVE;
				GCC_WARN_UNUSED_FUNCTION = YES;
				GCC_WARN_UNUSED_VARIABLE = YES;
				IPHONEOS_DEPLOYMENT_TARGET = 13.0;
				LOCALIZATION_PREFERS_STRING_CATALOGS = YES;
				MTL_ENABLE_DEBUG_INFO = INCLUDE_SOURCE;
				MTL_FAST_MATH = YES;
				ONLY_ACTIVE_ARCH = YES;
				SDKROOT = iphoneos;
				SWIFT_ACTIVE_COMPILATION_CONDITIONS = "DEBUG $(inherited)";
				SWIFT_OPTIMIZATION_LEVEL = "-Onone";
			};
			name = Debug;
		};
		2F60F9132BE6F5E200DDD37B /* Release */ = {
			isa = XCBuildConfiguration;
			buildSettings = {
				ALWAYS_SEARCH_USER_PATHS = NO;
				ASSETCATALOG_COMPILER_GENERATE_SWIFT_ASSET_SYMBOL_EXTENSIONS = YES;
				CLANG_ANALYZER_NONNULL = YES;
				CLANG_ANALYZER_NUMBER_OBJECT_CONVERSION = YES_AGGRESSIVE;
				CLANG_CXX_LANGUAGE_STANDARD = "gnu++20";
				CLANG_ENABLE_MODULES = YES;
				CLANG_ENABLE_OBJC_ARC = YES;
				CLANG_ENABLE_OBJC_WEAK = YES;
				CLANG_WARN_BLOCK_CAPTURE_AUTORELEASING = YES;
				CLANG_WARN_BOOL_CONVERSION = YES;
				CLANG_WARN_COMMA = YES;
				CLANG_WARN_CONSTANT_CONVERSION = YES;
				CLANG_WARN_DEPRECATED_OBJC_IMPLEMENTATIONS = YES;
				CLANG_WARN_DIRECT_OBJC_ISA_USAGE = YES_ERROR;
				CLANG_WARN_DOCUMENTATION_COMMENTS = YES;
				CLANG_WARN_EMPTY_BODY = YES;
				CLANG_WARN_ENUM_CONVERSION = YES;
				CLANG_WARN_INFINITE_RECURSION = YES;
				CLANG_WARN_INT_CONVERSION = YES;
				CLANG_WARN_NON_LITERAL_NULL_CONVERSION = YES;
				CLANG_WARN_OBJC_IMPLICIT_RETAIN_SELF = YES;
				CLANG_WARN_OBJC_LITERAL_CONVERSION = YES;
				CLANG_WARN_OBJC_ROOT_CLASS = YES_ERROR;
				CLANG_WARN_QUOTED_INCLUDE_IN_FRAMEWORK_HEADER = YES;
				CLANG_WARN_RANGE_LOOP_ANALYSIS = YES;
				CLANG_WARN_STRICT_PROTOTYPES = YES;
				CLANG_WARN_SUSPICIOUS_MOVE = YES;
				CLANG_WARN_UNGUARDED_AVAILABILITY = YES_AGGRESSIVE;
				CLANG_WARN_UNREACHABLE_CODE = YES;
				CLANG_WARN__DUPLICATE_METHOD_MATCH = YES;
				COPY_PHASE_STRIP = NO;
				DEBUG_INFORMATION_FORMAT = "dwarf-with-dsym";
				ENABLE_NS_ASSERTIONS = NO;
				ENABLE_STRICT_OBJC_MSGSEND = YES;
				ENABLE_USER_SCRIPT_SANDBOXING = YES;
				GCC_C_LANGUAGE_STANDARD = gnu17;
				GCC_NO_COMMON_BLOCKS = YES;
				GCC_WARN_64_TO_32_BIT_CONVERSION = YES;
				GCC_WARN_ABOUT_RETURN_TYPE = YES_ERROR;
				GCC_WARN_UNDECLARED_SELECTOR = YES;
				GCC_WARN_UNINITIALIZED_AUTOS = YES_AGGRESSIVE;
				GCC_WARN_UNUSED_FUNCTION = YES;
				GCC_WARN_UNUSED_VARIABLE = YES;
				IPHONEOS_DEPLOYMENT_TARGET = 13.0;
				LOCALIZATION_PREFERS_STRING_CATALOGS = YES;
				MTL_ENABLE_DEBUG_INFO = NO;
				MTL_FAST_MATH = YES;
				SDKROOT = iphoneos;
				SWIFT_COMPILATION_MODE = wholemodule;
				VALIDATE_PRODUCT = YES;
			};
			name = Release;
		};
		2F60F9152BE6F5E200DDD37B /* Debug */ = {
			isa = XCBuildConfiguration;
			buildSettings = {
				ASSETCATALOG_COMPILER_APPICON_NAME = AppIcon;
				ASSETCATALOG_COMPILER_GLOBAL_ACCENT_COLOR_NAME = AccentColor;
				CODE_SIGN_STYLE = Automatic;
				CURRENT_PROJECT_VERSION = 1;
				DEVELOPMENT_TEAM = ZRDP3KUYDD;
				GENERATE_INFOPLIST_FILE = YES;
				INFOPLIST_FILE = "ImageFeed/Resources /Info.plist";
				INFOPLIST_KEY_UIApplicationSupportsIndirectInputEvents = YES;
				INFOPLIST_KEY_UILaunchStoryboardName = LaunchScreen;
				INFOPLIST_KEY_UIMainStoryboardFile = Main;
				INFOPLIST_KEY_UIStatusBarStyle = "";
				INFOPLIST_KEY_UISupportedInterfaceOrientations = UIInterfaceOrientationPortrait;
				INFOPLIST_KEY_UISupportedInterfaceOrientations_iPad = "UIInterfaceOrientationLandscapeLeft UIInterfaceOrientationLandscapeRight";
				IPHONEOS_DEPLOYMENT_TARGET = 13.0;
				LD_RUNPATH_SEARCH_PATHS = (
					"$(inherited)",
					"@executable_path/Frameworks",
				);
				MARKETING_VERSION = 1.0;
				PRODUCT_BUNDLE_IDENTIFIER = "ru.imageFeed.egor-galkin29.ImageFeed";
				PRODUCT_NAME = "$(TARGET_NAME)";
				SUPPORTED_PLATFORMS = "iphoneos iphonesimulator";
				SUPPORTS_MACCATALYST = NO;
				SUPPORTS_MAC_DESIGNED_FOR_IPHONE_IPAD = NO;
				SUPPORTS_XR_DESIGNED_FOR_IPHONE_IPAD = NO;
				SWIFT_EMIT_LOC_STRINGS = YES;
				SWIFT_VERSION = 5.0;
				TARGETED_DEVICE_FAMILY = 1;
			};
			name = Debug;
		};
		2F60F9162BE6F5E200DDD37B /* Release */ = {
			isa = XCBuildConfiguration;
			buildSettings = {
				ASSETCATALOG_COMPILER_APPICON_NAME = AppIcon;
				ASSETCATALOG_COMPILER_GLOBAL_ACCENT_COLOR_NAME = AccentColor;
				CODE_SIGN_STYLE = Automatic;
				CURRENT_PROJECT_VERSION = 1;
				DEVELOPMENT_TEAM = ZRDP3KUYDD;
				GENERATE_INFOPLIST_FILE = YES;
				INFOPLIST_FILE = "ImageFeed/Resources /Info.plist";
				INFOPLIST_KEY_UIApplicationSupportsIndirectInputEvents = YES;
				INFOPLIST_KEY_UILaunchStoryboardName = LaunchScreen;
				INFOPLIST_KEY_UIMainStoryboardFile = Main;
				INFOPLIST_KEY_UIStatusBarStyle = "";
				INFOPLIST_KEY_UISupportedInterfaceOrientations = UIInterfaceOrientationPortrait;
				INFOPLIST_KEY_UISupportedInterfaceOrientations_iPad = "UIInterfaceOrientationLandscapeLeft UIInterfaceOrientationLandscapeRight";
				IPHONEOS_DEPLOYMENT_TARGET = 13.0;
				LD_RUNPATH_SEARCH_PATHS = (
					"$(inherited)",
					"@executable_path/Frameworks",
				);
				MARKETING_VERSION = 1.0;
				PRODUCT_BUNDLE_IDENTIFIER = "ru.imageFeed.egor-galkin29.ImageFeed";
				PRODUCT_NAME = "$(TARGET_NAME)";
				SUPPORTED_PLATFORMS = "iphoneos iphonesimulator";
				SUPPORTS_MACCATALYST = NO;
				SUPPORTS_MAC_DESIGNED_FOR_IPHONE_IPAD = NO;
				SUPPORTS_XR_DESIGNED_FOR_IPHONE_IPAD = NO;
				SWIFT_EMIT_LOC_STRINGS = YES;
				SWIFT_VERSION = 5.0;
				TARGETED_DEVICE_FAMILY = 1;
			};
			name = Release;
		};
		2F60F9182BE6F5E200DDD37B /* Debug */ = {
			isa = XCBuildConfiguration;
			buildSettings = {
				ALWAYS_EMBED_SWIFT_STANDARD_LIBRARIES = YES;
				BUNDLE_LOADER = "$(TEST_HOST)";
				CODE_SIGN_STYLE = Automatic;
				CURRENT_PROJECT_VERSION = 1;
				DEVELOPMENT_TEAM = ZRDP3KUYDD;
				GENERATE_INFOPLIST_FILE = YES;
				IPHONEOS_DEPLOYMENT_TARGET = 13.0;
				MARKETING_VERSION = 1.0;
				PRODUCT_BUNDLE_IDENTIFIER = "ru.imageFeed.egor-galkin29.ImageFeedTests";
				PRODUCT_NAME = "$(TARGET_NAME)";
				SUPPORTED_PLATFORMS = "iphoneos iphonesimulator";
				SUPPORTS_MACCATALYST = NO;
				SUPPORTS_MAC_DESIGNED_FOR_IPHONE_IPAD = NO;
				SUPPORTS_XR_DESIGNED_FOR_IPHONE_IPAD = NO;
				SWIFT_EMIT_LOC_STRINGS = NO;
				SWIFT_VERSION = 5.0;
				TARGETED_DEVICE_FAMILY = 1;
				TEST_HOST = "$(BUILT_PRODUCTS_DIR)/ImageFeed.app/$(BUNDLE_EXECUTABLE_FOLDER_PATH)/ImageFeed";
			};
			name = Debug;
		};
		2F60F9192BE6F5E200DDD37B /* Release */ = {
			isa = XCBuildConfiguration;
			buildSettings = {
				ALWAYS_EMBED_SWIFT_STANDARD_LIBRARIES = YES;
				BUNDLE_LOADER = "$(TEST_HOST)";
				CODE_SIGN_STYLE = Automatic;
				CURRENT_PROJECT_VERSION = 1;
				DEVELOPMENT_TEAM = ZRDP3KUYDD;
				GENERATE_INFOPLIST_FILE = YES;
				IPHONEOS_DEPLOYMENT_TARGET = 13.0;
				MARKETING_VERSION = 1.0;
				PRODUCT_BUNDLE_IDENTIFIER = "ru.imageFeed.egor-galkin29.ImageFeedTests";
				PRODUCT_NAME = "$(TARGET_NAME)";
				SUPPORTED_PLATFORMS = "iphoneos iphonesimulator";
				SUPPORTS_MACCATALYST = NO;
				SUPPORTS_MAC_DESIGNED_FOR_IPHONE_IPAD = NO;
				SUPPORTS_XR_DESIGNED_FOR_IPHONE_IPAD = NO;
				SWIFT_EMIT_LOC_STRINGS = NO;
				SWIFT_VERSION = 5.0;
				TARGETED_DEVICE_FAMILY = 1;
				TEST_HOST = "$(BUILT_PRODUCTS_DIR)/ImageFeed.app/$(BUNDLE_EXECUTABLE_FOLDER_PATH)/ImageFeed";
			};
			name = Release;
		};
		2F60F91B2BE6F5E200DDD37B /* Debug */ = {
			isa = XCBuildConfiguration;
			buildSettings = {
				ALWAYS_EMBED_SWIFT_STANDARD_LIBRARIES = YES;
				CODE_SIGN_STYLE = Automatic;
				CURRENT_PROJECT_VERSION = 1;
				DEVELOPMENT_TEAM = ZRDP3KUYDD;
				GENERATE_INFOPLIST_FILE = YES;
				MARKETING_VERSION = 1.0;
				PRODUCT_BUNDLE_IDENTIFIER = "ru.imageFeed.egor-galkin29.ImageFeedUITests";
				PRODUCT_NAME = "$(TARGET_NAME)";
				SUPPORTED_PLATFORMS = "iphoneos iphonesimulator";
				SUPPORTS_MACCATALYST = NO;
				SUPPORTS_MAC_DESIGNED_FOR_IPHONE_IPAD = NO;
				SUPPORTS_XR_DESIGNED_FOR_IPHONE_IPAD = NO;
				SWIFT_EMIT_LOC_STRINGS = NO;
				SWIFT_VERSION = 5.0;
				TARGETED_DEVICE_FAMILY = 1;
				TEST_TARGET_NAME = ImageFeed;
			};
			name = Debug;
		};
		2F60F91C2BE6F5E200DDD37B /* Release */ = {
			isa = XCBuildConfiguration;
			buildSettings = {
				ALWAYS_EMBED_SWIFT_STANDARD_LIBRARIES = YES;
				CODE_SIGN_STYLE = Automatic;
				CURRENT_PROJECT_VERSION = 1;
				DEVELOPMENT_TEAM = ZRDP3KUYDD;
				GENERATE_INFOPLIST_FILE = YES;
				MARKETING_VERSION = 1.0;
				PRODUCT_BUNDLE_IDENTIFIER = "ru.imageFeed.egor-galkin29.ImageFeedUITests";
				PRODUCT_NAME = "$(TARGET_NAME)";
				SUPPORTED_PLATFORMS = "iphoneos iphonesimulator";
				SUPPORTS_MACCATALYST = NO;
				SUPPORTS_MAC_DESIGNED_FOR_IPHONE_IPAD = NO;
				SUPPORTS_XR_DESIGNED_FOR_IPHONE_IPAD = NO;
				SWIFT_EMIT_LOC_STRINGS = NO;
				SWIFT_VERSION = 5.0;
				TARGETED_DEVICE_FAMILY = 1;
				TEST_TARGET_NAME = ImageFeed;
			};
			name = Release;
		};
/* End XCBuildConfiguration section */

/* Begin XCConfigurationList section */
		2F60F8E22BE6F5E000DDD37B /* Build configuration list for PBXProject "ImageFeed" */ = {
			isa = XCConfigurationList;
			buildConfigurations = (
				2F60F9122BE6F5E200DDD37B /* Debug */,
				2F60F9132BE6F5E200DDD37B /* Release */,
			);
			defaultConfigurationIsVisible = 0;
			defaultConfigurationName = Release;
		};
		2F60F9142BE6F5E200DDD37B /* Build configuration list for PBXNativeTarget "ImageFeed" */ = {
			isa = XCConfigurationList;
			buildConfigurations = (
				2F60F9152BE6F5E200DDD37B /* Debug */,
				2F60F9162BE6F5E200DDD37B /* Release */,
			);
			defaultConfigurationIsVisible = 0;
			defaultConfigurationName = Release;
		};
		2F60F9172BE6F5E200DDD37B /* Build configuration list for PBXNativeTarget "ImageFeedTests" */ = {
			isa = XCConfigurationList;
			buildConfigurations = (
				2F60F9182BE6F5E200DDD37B /* Debug */,
				2F60F9192BE6F5E200DDD37B /* Release */,
			);
			defaultConfigurationIsVisible = 0;
			defaultConfigurationName = Release;
		};
		2F60F91A2BE6F5E200DDD37B /* Build configuration list for PBXNativeTarget "ImageFeedUITests" */ = {
			isa = XCConfigurationList;
			buildConfigurations = (
				2F60F91B2BE6F5E200DDD37B /* Debug */,
				2F60F91C2BE6F5E200DDD37B /* Release */,
			);
			defaultConfigurationIsVisible = 0;
			defaultConfigurationName = Release;
		};
/* End XCConfigurationList section */

/* Begin XCRemoteSwiftPackageReference section */
		2F0D15C82C71262700E11209 /* XCRemoteSwiftPackageReference "ProgressHUD" */ = {
			isa = XCRemoteSwiftPackageReference;
			repositoryURL = "https://github.com/relatedcode/ProgressHUD.git";
			requirement = {
				kind = exactVersion;
				version = 13.8.6;
			};
		};
		2F1B7D8F2C86973500BD7B88 /* XCRemoteSwiftPackageReference "Kingfisher" */ = {
			isa = XCRemoteSwiftPackageReference;
			repositoryURL = "https://github.com/onevcat/Kingfisher";
			requirement = {
				kind = upToNextMajorVersion;
				minimumVersion = 7.12.0;
			};
		};
		2F1B7D922C87EBFF00BD7B88 /* XCRemoteSwiftPackageReference "SwiftKeychainWrapper" */ = {
			isa = XCRemoteSwiftPackageReference;
			repositoryURL = "https://github.com/jrendel/SwiftKeychainWrapper";
			requirement = {
				kind = upToNextMajorVersion;
				minimumVersion = 4.0.1;
			};
		};
/* End XCRemoteSwiftPackageReference section */

/* Begin XCSwiftPackageProductDependency section */
		2F0D15C92C71262700E11209 /* ProgressHUD */ = {
			isa = XCSwiftPackageProductDependency;
			package = 2F0D15C82C71262700E11209 /* XCRemoteSwiftPackageReference "ProgressHUD" */;
			productName = ProgressHUD;
		};
		2F1B7D902C86973500BD7B88 /* Kingfisher */ = {
			isa = XCSwiftPackageProductDependency;
			package = 2F1B7D8F2C86973500BD7B88 /* XCRemoteSwiftPackageReference "Kingfisher" */;
			productName = Kingfisher;
		};
		2F1B7D932C87EBFF00BD7B88 /* SwiftKeychainWrapper */ = {
			isa = XCSwiftPackageProductDependency;
			package = 2F1B7D922C87EBFF00BD7B88 /* XCRemoteSwiftPackageReference "SwiftKeychainWrapper" */;
			productName = SwiftKeychainWrapper;
		};
/* End XCSwiftPackageProductDependency section */

/* Begin XCVersionGroup section */
		2F60F8F32BE6F5E000DDD37B /* ImageFeed.xcdatamodeld */ = {
			isa = XCVersionGroup;
			children = (
				2F60F8F42BE6F5E000DDD37B /* ImageFeed.xcdatamodel */,
			);
			currentVersion = 2F60F8F42BE6F5E000DDD37B /* ImageFeed.xcdatamodel */;
			path = ImageFeed.xcdatamodeld;
			sourceTree = "<group>";
			versionGroupType = wrapper.xcdatamodel;
		};
/* End XCVersionGroup section */
	};
	rootObject = 2F60F8DF2BE6F5E000DDD37B /* Project object */;
}
